
Microsoft Visual Studio Solution File, Format Version 12.00
# Visual Studio Version 17
VisualStudioVersion = 17.5.002.0
MinimumVisualStudioVersion = 10.0.40219.1
Project("{9A19103F-16F7-4668-BE54-9A1E7A4F7556}") = "pruebaDesempeno", "pruebaDesempeno.csproj", "{E7D6F7B8-1056-4A5D-93A7-E05C1FBE0F2A}"
EndProject
Global
	GlobalSection(SolutionConfigurationPlatforms) = preSolution
		Debug|Any CPU = Debug|Any CPU
		Release|Any CPU = Release|Any CPU
	EndGlobalSection
	GlobalSection(ProjectConfigurationPlatforms) = postSolution
		{E7D6F7B8-1056-4A5D-93A7-E05C1FBE0F2A}.Debug|Any CPU.ActiveCfg = Debug|Any CPU
		{E7D6F7B8-1056-4A5D-93A7-E05C1FBE0F2A}.Debug|Any CPU.Build.0 = Debug|Any CPU
		{E7D6F7B8-1056-4A5D-93A7-E05C1FBE0F2A}.Release|Any CPU.ActiveCfg = Release|Any CPU
		{E7D6F7B8-1056-4A5D-93A7-E05C1FBE0F2A}.Release|Any CPU.Build.0 = Release|Any CPU
	EndGlobalSection
	GlobalSection(SolutionProperties) = preSolution
		HideSolutionNode = FALSE
	EndGlobalSection
	GlobalSection(ExtensibilityGlobals) = postSolution
		SolutionGuid = {E11A4896-F74E-4061-85E0-60CFB91F437D}
	EndGlobalSection
EndGlobal
